// !$*UTF8*$!
{
	archiveVersion = 1;
	classes = {
	};
	objectVersion = 46;
	objects = {

/* Begin PBXBuildFile section */
		F97204BD1E2917CC00B72855 /* main.m in Sources */ = {isa = PBXBuildFile; fileRef = F97204BC1E2917CC00B72855 /* main.m */; };
		F97204C51E29190900B72855 /* SFQuote.m in Sources */ = {isa = PBXBuildFile; fileRef = F97204C41E29190900B72855 /* SFQuote.m */; };
		F97204C81E291A5800B72855 /* SFApp.m in Sources */ = {isa = PBXBuildFile; fileRef = F97204C71E291A5800B72855 /* SFApp.m */; };
/* End PBXBuildFile section */

/* Begin PBXCopyFilesBuildPhase section */
		F97204B71E2917CC00B72855 /* CopyFiles */ = {
			isa = PBXCopyFilesBuildPhase;
			buildActionMask = 2147483647;
			dstPath = /usr/share/man/man1/;
			dstSubfolderSpec = 0;
			files = (
			);
			runOnlyForDeploymentPostprocessing = 1;
		};
/* End PBXCopyFilesBuildPhase section */

/* Begin PBXFileReference section */
		F97204B91E2917CC00B72855 /* objc-sci-fi-quotes */ = {isa = PBXFileReference; explicitFileType = "compiled.mach-o.executable"; includeInIndex = 0; path = "objc-sci-fi-quotes"; sourceTree = BUILT_PRODUCTS_DIR; };
		F97204BC1E2917CC00B72855 /* main.m */ = {isa = PBXFileReference; lastKnownFileType = sourcecode.c.objc; path = main.m; sourceTree = "<group>"; };
		F97204C31E29190900B72855 /* SFQuote.h */ = {isa = PBXFileReference; fileEncoding = 4; lastKnownFileType = sourcecode.c.h; path = SFQuote.h; sourceTree = "<group>"; };
		F97204C41E29190900B72855 /* SFQuote.m */ = {isa = PBXFileReference; fileEncoding = 4; lastKnownFileType = sourcecode.c.objc; path = SFQuote.m; sourceTree = "<group>"; };
		F97204C61E291A5800B72855 /* SFApp.h */ = {isa = PBXFileReference; fileEncoding = 4; lastKnownFileType = sourcecode.c.h; path = SFApp.h; sourceTree = "<group>"; };
		F97204C71E291A5800B72855 /* SFApp.m */ = {isa = PBXFileReference; fileEncoding = 4; lastKnownFileType = sourcecode.c.objc; path = SFApp.m; sourceTree = "<group>"; };
/* End PBXFileReference section */

/* Begin PBXFrameworksBuildPhase section */
		F97204B61E2917CC00B72855 /* Frameworks */ = {
			isa = PBXFrameworksBuildPhase;
			buildActionMask = 2147483647;
			files = (
			);
			runOnlyForDeploymentPostprocessing = 0;
		};
/* End PBXFrameworksBuildPhase section */

/* Begin PBXGroup section */
		F97204B01E2917CB00B72855 = {
			isa = PBXGroup;
			children = (
				F97204BB1E2917CC00B72855 /* objc-sci-fi-quotes */,
				F97204BA1E2917CC00B72855 /* Products */,
			);
			sourceTree = "<group>";
		};
		F97204BA1E2917CC00B72855 /* Products */ = {
			isa = PBXGroup;
			children = (
				F97204B91E2917CC00B72855 /* objc-sci-fi-quotes */,
			);
			name = Products;
			sourceTree = "<group>";
		};
		F97204BB1E2917CC00B72855 /* objc-sci-fi-quotes */ = {
			isa = PBXGroup;
			children = (
				F97204BC1E2917CC00B72855 /* main.m */,
				F97204C31E29190900B72855 /* SFQuote.h */,
				F97204C41E29190900B72855 /* SFQuote.m */,
				F97204C61E291A5800B72855 /* SFApp.h */,
				F97204C71E291A5800B72855 /* SFApp.m */,
			);
			path = "objc-sci-fi-quotes";
			sourceTree = "<group>";
		};
/* End PBXGroup section */

/* Begin PBXNativeTarget section */
		F97204B81E2917CC00B72855 /* objc-sci-fi-quotes */ = {
			isa = PBXNativeTarget;
			buildConfigurationList = F97204C01E2917CC00B72855 /* Build configuration list for PBXNativeTarget "objc-sci-fi-quotes" */;
			buildPhases = (
				F97204B51E2917CC00B72855 /* Sources */,
				F97204B61E2917CC00B72855 /* Frameworks */,
				F97204B71E2917CC00B72855 /* CopyFiles */,
			);
			buildRules = (
			);
			dependencies = (
			);
			name = "objc-sci-fi-quotes";
			productName = "objc-sci-fi-quotes";
			productReference = F97204B91E2917CC00B72855 /* objc-sci-fi-quotes */;
			productType = "com.apple.product-type.tool";
		};
/* End PBXNativeTarget section */

/* Begin PBXProject section */
		F97204B11E2917CB00B72855 /* Project object */ = {
			isa = PBXProject;
			attributes = {
				LastUpgradeCheck = 0820;
				ORGANIZATIONNAME = "Adam Goth";
				TargetAttributes = {
					F97204B81E2917CC00B72855 = {
						CreatedOnToolsVersion = 8.2.1;
						ProvisioningStyle = Automatic;
					};
				};
			};
			buildConfigurationList = F97204B41E2917CC00B72855 /* Build configuration list for PBXProject "objc-sci-fi-quotes" */;
			compatibilityVersion = "Xcode 3.2";
			developmentRegion = English;
			hasScannedForEncodings = 0;
			knownRegions = (
				en,
			);
			mainGroup = F97204B01E2917CB00B72855;
			productRefGroup = F97204BA1E2917CC00B72855 /* Products */;
			projectDirPath = "";
			projectRoot = "";
			targets = (
				F97204B81E2917CC00B72855 /* objc-sci-fi-quotes */,
			);
		};
/* End PBXProject section */

/* Begin PBXSourcesBuildPhase section */
		F97204B51E2917CC00B72855 /* Sources */ = {
			isa = PBXSourcesBuildPhase;
			buildActionMask = 2147483647;
			files = (
				F97204C81E291A5800B72855 /* SFApp.m in Sources */,
				F97204BD1E2917CC00B72855 /* main.m in Sources */,
				F97204C51E29190900B72855 /* SFQuote.m in Sources */,
			);
			runOnlyForDeploymentPostprocessing = 0;
		};
/* End PBXSourcesBuildPhase section */

/* Begin XCBuildConfiguration section */
		F97204BE1E2917CC00B72855 /* Debug */ = {
			isa = XCBuildConfiguration;
			buildSettings = {
				ALWAYS_SEARCH_USER_PATHS = NO;
				CLANG_ANALYZER_NONNULL = YES;
				CLANG_CXX_LANGUAGE_STANDARD = "gnu++0x";
				CLANG_CXX_LIBRARY = "libc++";
				CLANG_ENABLE_MODULES = YES;
				CLANG_ENABLE_OBJC_ARC = YES;
				CLANG_WARN_BOOL_CONVERSION = YES;
				CLANG_WARN_CONSTANT_CONVERSION = YES;
				CLANG_WARN_DIRECT_OBJC_ISA_USAGE = YES_ERROR;
				CLANG_WARN_DOCUMENTATION_COMMENTS = YES;
				CLANG_WARN_EMPTY_BODY = YES;
				CLANG_WARN_ENUM_CONVERSION = YES;
				CLANG_WARN_INFINITE_RECURSION = YES;
				CLANG_WARN_INT_CONVERSION = YES;
				CLANG_WARN_OBJC_ROOT_CLASS = YES_ERROR;
				CLANG_WARN_SUSPICIOUS_MOVE = YES;
				CLANG_WARN_UNREACHABLE_CODE = YES;
				CLANG_WARN__DUPLICATE_METHOD_MATCH = YES;
				CODE_SIGN_IDENTITY = "-";
				COPY_PHASE_STRIP = NO;
				DEBUG_INFORMATION_FORMAT = dwarf;
				ENABLE_STRICT_OBJC_MSGSEND = YES;
				ENABLE_TESTABILITY = YES;
				GCC_C_LANGUAGE_STANDARD = gnu99;
				GCC_DYNAMIC_NO_PIC = NO;
				GCC_NO_COMMON_BLOCKS = YES;
				GCC_OPTIMIZATION_LEVEL = 0;
				GCC_PREPROCESSOR_DEFINITIONS = (
					"DEBUG=1",
					"$(inherited)",
				);
				GCC_WARN_64_TO_32_BIT_CONVERSION = YES;
				GCC_WARN_ABOUT_RETURN_TYPE = YES_ERROR;
				GCC_WARN_UNDECLARED_SELECTOR = YES;
				GCC_WARN_UNINITIALIZED_AUTOS = YES_AGGRESSIVE;
				GCC_WARN_UNUSED_FUNCTION = YES;
				GCC_WARN_UNUSED_VARIABLE = YES;
				MACOSX_DEPLOYMENT_TARGET = 10.11;
				MTL_ENABLE_DEBUG_INFO = YES;
				ONLY_ACTIVE_ARCH = YES;
				SDKROOT = macosx;
			};
			name = Debug;
		};
		F97204BF1E2917CC00B72855 /* Release */ = {
			isa = XCBuildConfiguration;
			buildSettings = {
				ALWAYS_SEARCH_USER_PATHS = NO;
				CLANG_ANALYZER_NONNULL = YES;
				CLANG_CXX_LANGUAGE_STANDARD = "gnu++0x";
				CLANG_CXX_LIBRARY = "libc++";
				CLANG_ENABLE_MODULES = YES;
				CLANG_ENABLE_OBJC_ARC = YES;
				CLANG_WARN_BOOL_CONVERSION = YES;
				CLANG_WARN_CONSTANT_CONVERSION = YES;
				CLANG_WARN_DIRECT_OBJC_ISA_USAGE = YES_ERROR;
				CLANG_WARN_DOCUMENTATION_COMMENTS = YES;
				CLANG_WARN_EMPTY_BODY = YES;
				CLANG_WARN_ENUM_CONVERSION = YES;
				CLANG_WARN_INFINITE_RECURSION = YES;
				CLANG_WARN_INT_CONVERSION = YES;
				CLANG_WARN_OBJC_ROOT_CLASS = YES_ERROR;
				CLANG_WARN_SUSPICIOUS_MOVE = YES;
				CLANG_WARN_UNREACHABLE_CODE = YES;
				CLANG_WARN__DUPLICATE_METHOD_MATCH = YES;
				CODE_SIGN_IDENTITY = "-";
				COPY_PHASE_STRIP = NO;
				DEBUG_INFORMATION_FORMAT = "dwarf-with-dsym";
				ENABLE_NS_ASSERTIONS = NO;
				ENABLE_STRICT_OBJC_MSGSEND = YES;
				GCC_C_LANGUAGE_STANDARD = gnu99;
				GCC_NO_COMMON_BLOCKS = YES;
				GCC_WARN_64_TO_32_BIT_CONVERSION = YES;
				GCC_WARN_ABOUT_RETURN_TYPE = YES_ERROR;
				GCC_WARN_UNDECLARED_SELECTOR = YES;
				GCC_WARN_UNINITIALIZED_AUTOS = YES_AGGRESSIVE;
				GCC_WARN_UNUSED_FUNCTION = YES;
				GCC_WARN_UNUSED_VARIABLE = YES;
				MACOSX_DEPLOYMENT_TARGET = 10.11;
				MTL_ENABLE_DEBUG_INFO = NO;
				SDKROOT = macosx;
			};
			name = Release;
		};
		F97204C11E2917CC00B72855 /* Debug */ = {
			isa = XCBuildConfiguration;
			buildSettings = {
				PRODUCT_NAME = "$(TARGET_NAME)";
			};
			name = Debug;
		};
		F97204C21E2917CC00B72855 /* Release */ = {
			isa = XCBuildConfiguration;
			buildSettings = {
				PRODUCT_NAME = "$(TARGET_NAME)";
			};
			name = Release;
		};
/* End XCBuildConfiguration section */

/* Begin XCConfigurationList section */
		F97204B41E2917CC00B72855 /* Build configuration list for PBXProject "objc-sci-fi-quotes" */ = {
			isa = XCConfigurationList;
			buildConfigurations = (
				F97204BE1E2917CC00B72855 /* Debug */,
				F97204BF1E2917CC00B72855 /* Release */,
			);
			defaultConfigurationIsVisible = 0;
			defaultConfigurationName = Release;
		};
		F97204C01E2917CC00B72855 /* Build configuration list for PBXNativeTarget "objc-sci-fi-quotes" */ = {
			isa = XCConfigurationList;
			buildConfigurations = (
				F97204C11E2917CC00B72855 /* Debug */,
				F97204C21E2917CC00B72855 /* Release */,
			);
			defaultConfigurationIsVisible = 0;
		};
/* End XCConfigurationList section */
	};
	rootObject = F97204B11E2917CB00B72855 /* Project object */;
}
